{
    "_readme": [
        "This file locks the dependencies of your project to a known state",
        "Read more about it at http://getcomposer.org/doc/01-basic-usage.md#composer-lock-the-lock-file"
    ],
    "hash": "6fdeb2af9e9cd16d34ed6d23c4c13372",
    "packages": [
        {
            "name": "kisma/kisma",
            "version": "dev-master",
            "source": {
                "type": "git",
                "url": "https://github.com/lucifurious/kisma.git",
                "reference": "578952aaf7939c2effc9f6fcda66189feec6e871"
            },
            "dist": {
                "type": "zip",
                "url": "https://api.github.com/repos/lucifurious/kisma/zipball/578952aaf7939c2effc9f6fcda66189feec6e871",
                "reference": "578952aaf7939c2effc9f6fcda66189feec6e871",
                "shasum": ""
            },
            "require": {
                "php": ">=5.3.10"
            },
            "type": "library",
            "autoload": {
                "psr-0": {
                    "Kisma": "src/"
                },
                "files": [
                    "src/autoload.php"
                ]
            },
            "notification-url": "https://packagist.org/downloads/",
            "license": [
                "GPL3"
            ],
            "authors": [
                {
                    "name": "Jerry Ablan",
                    "email": "getkisma@gmail.com"
                }
            ],
            "description": "PHP Utility Belt",
            "homepage": "https://github.com/kisma/kisma",
            "keywords": [
                "library",
                "php",
                "php5",
                "utility"
            ],
            "time": "2013-11-22 03:33:43"
        }
    ],
    "packages-dev": [

    ],
    "aliases": [

    ],
    "minimum-stability": "dev",
    "stability-flags": [

    ],
    "platform": {
        "php": ">=5.3.18"
    },
    "platform-dev": [

    ]
}
